
Microsoft Visual Studio Solution File, Format Version 12.00
# Visual Studio Version 17
VisualStudioVersion = 17.2.32602.215
MinimumVisualStudioVersion = 10.0.40219.1
Project("{FAE04EC0-301F-11D3-BF4B-00C04F79EFBC}") = "AIFacade", "AIFacade\AIFacade.csproj", "{9BBF1311-E90B-43A0-9BCB-443EA19BED0E}"
EndProject
Global
	GlobalSection(SolutionConfigurationPlatforms) = preSolution
		Debug|Any CPU = Debug|Any CPU
		Release|Any CPU = Release|Any CPU
	EndGlobalSection
	GlobalSection(ProjectConfigurationPlatforms) = postSolution
		{9BBF1311-E90B-43A0-9BCB-443EA19BED0E}.Debug|Any CPU.ActiveCfg = Debug|Any CPU
		{9BBF1311-E90B-43A0-9BCB-443EA19BED0E}.Debug|Any CPU.Build.0 = Debug|Any CPU
		{9BBF1311-E90B-43A0-9BCB-443EA19BED0E}.Release|Any CPU.ActiveCfg = Release|Any CPU
		{9BBF1311-E90B-43A0-9BCB-443EA19BED0E}.Release|Any CPU.Build.0 = Release|Any CPU
	EndGlobalSection
	GlobalSection(SolutionProperties) = preSolution
		HideSolutionNode = FALSE
	EndGlobalSection
	GlobalSection(ExtensibilityGlobals) = postSolution
		SolutionGuid = {2FE9D6EB-6A0A-4232-AAD2-1452275B12E2}
	EndGlobalSection
EndGlobal
